
Microsoft Visual Studio Solution File, Format Version 12.00
# Visual Studio Version 16
VisualStudioVersion = 16.0.31702.278
MinimumVisualStudioVersion = 10.0.40219.1
Project("{FAE04EC0-301F-11D3-BF4B-00C04F79EFBC}") = "MIDI Key Finder", "MIDI Key Finder\MIDI Key Finder.csproj", "{B744414A-A51A-49B0-AAE1-6F246C171105}"
EndProject
Global
	GlobalSection(SolutionConfigurationPlatforms) = preSolution
		Debug|Any CPU = Debug|Any CPU
		Release|Any CPU = Release|Any CPU
	EndGlobalSection
	GlobalSection(ProjectConfigurationPlatforms) = postSolution
		{B744414A-A51A-49B0-AAE1-6F246C171105}.Debug|Any CPU.ActiveCfg = Debug|Any CPU
		{B744414A-A51A-49B0-AAE1-6F246C171105}.Debug|Any CPU.Build.0 = Debug|Any CPU
		{B744414A-A51A-49B0-AAE1-6F246C171105}.Release|Any CPU.ActiveCfg = Release|Any CPU
		{B744414A-A51A-49B0-AAE1-6F246C171105}.Release|Any CPU.Build.0 = Release|Any CPU
	EndGlobalSection
	GlobalSection(SolutionProperties) = preSolution
		HideSolutionNode = FALSE
	EndGlobalSection
	GlobalSection(ExtensibilityGlobals) = postSolution
		SolutionGuid = {5A4E855F-2DAD-4146-A0F6-04A5036F1B93}
	EndGlobalSection
EndGlobal
